
Microsoft Visual Studio Solution File, Format Version 12.00
# Visual Studio Version 16
VisualStudioVersion = 16.0.29709.97
MinimumVisualStudioVersion = 10.0.40219.1
Project("{FAE04EC0-301F-11D3-BF4B-00C04F79EFBC}") = "CSConfluenceCapFW", "CSConfluenceCapFW\CSConfluenceCapFW.csproj", "{1A1BDEC5-F8B2-452B-BACE-4C7C7A710A0D}"
EndProject
Global
	GlobalSection(SolutionConfigurationPlatforms) = preSolution
		Debug|Any CPU = Debug|Any CPU
		Release|Any CPU = Release|Any CPU
	EndGlobalSection
	GlobalSection(ProjectConfigurationPlatforms) = postSolution
		{1A1BDEC5-F8B2-452B-BACE-4C7C7A710A0D}.Debug|Any CPU.ActiveCfg = Debug|Any CPU
		{1A1BDEC5-F8B2-452B-BACE-4C7C7A710A0D}.Debug|Any CPU.Build.0 = Debug|Any CPU
		{1A1BDEC5-F8B2-452B-BACE-4C7C7A710A0D}.Release|Any CPU.ActiveCfg = Release|Any CPU
		{1A1BDEC5-F8B2-452B-BACE-4C7C7A710A0D}.Release|Any CPU.Build.0 = Release|Any CPU
	EndGlobalSection
	GlobalSection(SolutionProperties) = preSolution
		HideSolutionNode = FALSE
	EndGlobalSection
	GlobalSection(ExtensibilityGlobals) = postSolution
		SolutionGuid = {054B9879-94C5-4D31-A140-1D10E04F7BFB}
	EndGlobalSection
EndGlobal
